{
  "name": "wallpaper",
  "lockfileVersion": 3,
  "requires": true,
  "packages": {
    "": {
      "dependencies": {
        "wallpaper-engine-api": "^1.0.2"
      }
    },
    "node_modules/uuid": {
      "version": "11.1.1",
      "resolved": "https://registry.npmmirror.com/uuid/-/uuid-11.1.1.tgz",
      "integrity": "sha512-vIYxrBCC/N/K+Js3qSN88go7kIfNPssr/hHCesKCQNAjmgvYS2oqr69kIufEG+O4+PfezOH4EbIeHCfFov8ZgQ==",
      "funding": [
        "https://github.com/sponsors/broofa",
        "https://github.com/sponsors/ctavan"
      ],
      "license": "MIT",
      "bin": {
        "uuid": "dist/esm/bin/uuid"
      }
    },
    "node_modules/wallpaper-engine-api": {
      "version": "1.0.2",
      "resolved": "https://registry.npmmirror.com/wallpaper-engine-api/-/wallpaper-engine-api-1.0.2.tgz",
      "integrity": "sha512-GeIe9VIE51XAj/bjk8i2avhFgGuuPAU038FuZurBgUFD11xoty5vs0BQaBN+5mhdbC5KaG+AZp/bi95pGU7fOg==",
      "license": "MIT",
      "dependencies": {
        "uuid": "^11.0.2"
      }
    }
  }
}
