{
  "name": "wallpaper-engine-api",
  "lockfileVersion": 3,
  "requires": true,
  "packages": {
    "": {
      "dependencies": {
        "@shaderfrog/glsl-parser": "^7.0.1",
        "jpeg-js": "^0.4.4",
        "wallpaper-engine-api": "^1.0.2"
      }
    },
    "node_modules/@shaderfrog/glsl-parser": {
      "version": "7.0.1",
      "resolved": "https://registry.npmjs.org/@shaderfrog/glsl-parser/-/glsl-parser-7.0.1.tgz",
      "integrity": "sha512-8mpfsoPeRhesY3pOrzNZBL8uG6N5GVX1EHLBYbd4gzKs+c7vaEIqpTNK5VrffU33qQN4cwpP2v3u4aPPBU32sw==",
      "license": "ISC",
      "engines": {
        "node": ">=16"
      }
    },
    "node_modules/jpeg-js": {
      "version": "0.4.4",
      "resolved": "https://registry.npmjs.org/jpeg-js/-/jpeg-js-0.4.4.tgz",
      "integrity": "sha512-WZzeDOEtTOBK4Mdsar0IqEU5sMr3vSV2RqkAIzUEV2BHnUfKGyswWFPFwK5EeDo93K3FohSHbLAjj0s1Wzd+dg==",
      "license": "BSD-3-Clause"
    },
    "node_modules/uuid": {
      "version": "11.1.1",
      "resolved": "https://registry.npmmirror.com/uuid/-/uuid-11.1.1.tgz",
      "integrity": "sha512-vIYxrBCC/N/K+Js3qSN88go7kIfNPssr/hHCesKCQNAjmgvYS2oqr69kIufEG+O4+PfezOH4EbIeHCfFov8ZgQ==",
      "funding": [
        "https://github.com/sponsors/broofa",
        "https://github.com/sponsors/ctavan"
      ],
      "license": "MIT",
      "bin": {
        "uuid": "dist/esm/bin/uuid"
      }
    },
    "node_modules/wallpaper-engine-api": {
      "version": "1.0.2",
      "resolved": "https://registry.npmmirror.com/wallpaper-engine-api/-/wallpaper-engine-api-1.0.2.tgz",
      "integrity": "sha512-GeIe9VIE51XAj/bjk8i2avhFgGuuPAU038FuZurBgUFD11xoty5vs0BQaBN+5mhdbC5KaG+AZp/bi95pGU7fOg==",
      "license": "MIT",
      "dependencies": {
        "uuid": "^11.0.2"
      }
    }
  }
}
